
Microsoft Visual Studio Solution File, Format Version 12.00
# Visual Studio Version 17
VisualStudioVersion = 17.0.32112.339
MinimumVisualStudioVersion = 10.0.40219.1
Project("{9A19103F-16F7-4668-BE54-9A1E7A4F7556}") = "DevContainerAspNetWebApp", "src\DevContainerAspNetWebApp\DevContainerAspNetWebApp.csproj", "{DB92E491-3F85-456F-A900-0042EBFD942A}"
EndProject
Project("{2150E333-8FDC-42A3-9474-1A3956D46DE8}") = "src", "src", "{1A528B55-45B1-4AAF-9406-C7F3DCED7D6A}"
EndProject
Global
	GlobalSection(SolutionConfigurationPlatforms) = preSolution
		Debug|Any CPU = Debug|Any CPU
		Release|Any CPU = Release|Any CPU
	EndGlobalSection
	GlobalSection(ProjectConfigurationPlatforms) = postSolution
		{DB92E491-3F85-456F-A900-0042EBFD942A}.Debug|Any CPU.ActiveCfg = Debug|Any CPU
		{DB92E491-3F85-456F-A900-0042EBFD942A}.Debug|Any CPU.Build.0 = Debug|Any CPU
		{DB92E491-3F85-456F-A900-0042EBFD942A}.Release|Any CPU.ActiveCfg = Release|Any CPU
		{DB92E491-3F85-456F-A900-0042EBFD942A}.Release|Any CPU.Build.0 = Release|Any CPU
	EndGlobalSection
	GlobalSection(SolutionProperties) = preSolution
		HideSolutionNode = FALSE
	EndGlobalSection
	GlobalSection(NestedProjects) = preSolution
		{DB92E491-3F85-456F-A900-0042EBFD942A} = {1A528B55-45B1-4AAF-9406-C7F3DCED7D6A}
	EndGlobalSection
	GlobalSection(ExtensibilityGlobals) = postSolution
		SolutionGuid = {B6383D99-FFFD-497C-BD77-FA4AAFA85BB5}
	EndGlobalSection
EndGlobal
